dependencies:
- name: cert-manager
  repository: https://charts.jetstack.io
  version: v1.16.2
- name: external-secrets
  repository: file://../../charts/external-secrets
  version: 0.1.0
digest: sha256:c0da32c1c33ef3a7052138f06a37dcdf6c9edbf4ecf865f6f7638a1b25ca1270
generated: "2026-04-18T09:58:53.275191-04:00"
