dependencies:
- name: cert-manager
  repository: https://charts.jetstack.io
  version: v1.14.4
- name: onepassword
  repository: file://../../charts/onepassword
  version: 0.1.0
digest: sha256:be21a0177c14bed53cbd5335ab7dad0c7588ed473335896934cce0549e385d05
generated: "2024-03-10T16:46:20.596579-04:00"
