dependencies:
- name: cert-manager
  repository: https://charts.jetstack.io
  version: v1.16.2
- name: onepassword
  repository: file://../../charts/onepassword
  version: 0.1.0
digest: sha256:392491376ec01d1ace72a43cd00457b11d023a39291a0b82dd49e96423dda04f
generated: "2024-12-11T20:27:19.530216-05:00"
