dependencies:
- name: kargo
  repository: oci://ghcr.io/akuity/kargo-charts
  version: 1.6.1
- name: external-secrets
  repository: file://../../charts/external-secrets
  version: 0.1.0
digest: sha256:f7ac40bd4d48b3e15477e90dd2a2bce18da2410fb734949eecf41bc584ec2c37
generated: "2026-04-18T10:21:48.576145-04:00"
