dependencies:
- name: common
  repository: https://library-charts.k8s-at-home.com
  version: 4.5.2
- name: onepassword
  repository: file://../../charts/onepassword
  version: 0.1.0
- name: external-secrets
  repository: file://../../charts/external-secrets
  version: 0.1.0
digest: sha256:60f94102d82ca5d603b8cf34393ce4b48b5abab7efcadfde1026b67eb129fadd
generated: "2026-03-21T19:35:01.686729-04:00"
