dependencies:
- name: common
  repository: https://library-charts.k8s-at-home.com
  version: 4.5.2
- name: external-secrets
  repository: file://../../charts/external-secrets
  version: 0.1.0
digest: sha256:4bbee28faa715f6505e4f4437603b177a177e7a6d232dabba86fc967b8b6635f
generated: "2026-04-12T11:36:29.761581-04:00"
